// !$*UTF8*$!
{
	archiveVersion = 1;
	classes = {
	};
	objectVersion = 50;
	objects = {

/* Begin PBXBuildFile section */
		2FE8454A25B24ED800B65B8B /* AppDelegate.swift in Sources */ = {isa = PBXBuildFile; fileRef = 2FE8454925B24ED800B65B8B /* AppDelegate.swift */; };
		2FE8454C25B24ED800B65B8B /* SceneDelegate.swift in Sources */ = {isa = PBXBuildFile; fileRef = 2FE8454B25B24ED800B65B8B /* SceneDelegate.swift */; };
		2FE8454E25B24ED800B65B8B /* ViewController.swift in Sources */ = {isa = PBXBuildFile; fileRef = 2FE8454D25B24ED800B65B8B /* ViewController.swift */; };
		2FE8455125B24ED800B65B8B /* Main.storyboard in Resources */ = {isa = PBXBuildFile; fileRef = 2FE8454F25B24ED800B65B8B /* Main.storyboard */; };
		2FE8455325B24EDA00B65B8B /* Assets.xcassets in Resources */ = {isa = PBXBuildFile; fileRef = 2FE8455225B24EDA00B65B8B /* Assets.xcassets */; };
		2FE8455625B24EDA00B65B8B /* LaunchScreen.storyboard in Resources */ = {isa = PBXBuildFile; fileRef = 2FE8455425B24EDA00B65B8B /* LaunchScreen.storyboard */; };
		2FE8456025B24F0E00B65B8B /* Summer Days.mp3 in Resources */ = {isa = PBXBuildFile; fileRef = 2FE8455F25B24F0E00B65B8B /* Summer Days.mp3 */; };
		96FE1ED925B25EA700CD9F86 /* AudioViewController.swift in Sources */ = {isa = PBXBuildFile; fileRef = 96FE1ED825B25EA700CD9F86 /* AudioViewController.swift */; };
		96FE1EDC25B25EB400CD9F86 /* VideoViewController.swift in Sources */ = {isa = PBXBuildFile; fileRef = 96FE1EDB25B25EB400CD9F86 /* VideoViewController.swift */; };
		96FE1EDF25B25ECB00CD9F86 /* CameraViewController.swift in Sources */ = {isa = PBXBuildFile; fileRef = 96FE1EDE25B25ECB00CD9F86 /* CameraViewController.swift */; };
		96FE1EE325B2784600CD9F86 /* CameraController.swift in Sources */ = {isa = PBXBuildFile; fileRef = 96FE1EE225B2784600CD9F86 /* CameraController.swift */; };
/* End PBXBuildFile section */

/* Begin PBXFileReference section */
		2FE8454625B24ED800B65B8B /* AvFoundationDemo.app */ = {isa = PBXFileReference; explicitFileType = wrapper.application; includeInIndex = 0; path = AvFoundationDemo.app; sourceTree = BUILT_PRODUCTS_DIR; };
		2FE8454925B24ED800B65B8B /* AppDelegate.swift */ = {isa = PBXFileReference; lastKnownFileType = sourcecode.swift; path = AppDelegate.swift; sourceTree = "<group>"; };
		2FE8454B25B24ED800B65B8B /* SceneDelegate.swift */ = {isa = PBXFileReference; lastKnownFileType = sourcecode.swift; path = SceneDelegate.swift; sourceTree = "<group>"; };
		2FE8454D25B24ED800B65B8B /* ViewController.swift */ = {isa = PBXFileReference; lastKnownFileType = sourcecode.swift; path = ViewController.swift; sourceTree = "<group>"; };
		2FE8455025B24ED800B65B8B /* Base */ = {isa = PBXFileReference; lastKnownFileType = file.storyboard; name = Base; path = Base.lproj/Main.storyboard; sourceTree = "<group>"; };
		2FE8455225B24EDA00B65B8B /* Assets.xcassets */ = {isa = PBXFileReference; lastKnownFileType = folder.assetcatalog; path = Assets.xcassets; sourceTree = "<group>"; };
		2FE8455525B24EDA00B65B8B /* Base */ = {isa = PBXFileReference; lastKnownFileType = file.storyboard; name = Base; path = Base.lproj/LaunchScreen.storyboard; sourceTree = "<group>"; };
		2FE8455725B24EDA00B65B8B /* Info.plist */ = {isa = PBXFileReference; lastKnownFileType = text.plist.xml; path = Info.plist; sourceTree = "<group>"; };
		2FE8455F25B24F0E00B65B8B /* Summer Days.mp3 */ = {isa = PBXFileReference; lastKnownFileType = audio.mp3; path = "Summer Days.mp3"; sourceTree = "<group>"; };
		96FE1ED825B25EA700CD9F86 /* AudioViewController.swift */ = {isa = PBXFileReference; lastKnownFileType = sourcecode.swift; path = AudioViewController.swift; sourceTree = "<group>"; };
		96FE1EDB25B25EB400CD9F86 /* VideoViewController.swift */ = {isa = PBXFileReference; lastKnownFileType = sourcecode.swift; path = VideoViewController.swift; sourceTree = "<group>"; };
		96FE1EDE25B25ECB00CD9F86 /* CameraViewController.swift */ = {isa = PBXFileReference; lastKnownFileType = sourcecode.swift; path = CameraViewController.swift; sourceTree = "<group>"; };
		96FE1EE225B2784600CD9F86 /* CameraController.swift */ = {isa = PBXFileReference; lastKnownFileType = sourcecode.swift; path = CameraController.swift; sourceTree = "<group>"; };
/* End PBXFileReference section */

/* Begin PBXFrameworksBuildPhase section */
		2FE8454325B24ED800B65B8B /* Frameworks */ = {
			isa = PBXFrameworksBuildPhase;
			buildActionMask = 2147483647;
			files = (
			);
			runOnlyForDeploymentPostprocessing = 0;
		};
/* End PBXFrameworksBuildPhase section */

/* Begin PBXGroup section */
		2FE8453D25B24ED800B65B8B = {
			isa = PBXGroup;
			children = (
				2FE8454825B24ED800B65B8B /* AvFoundationDemo */,
				2FE8454725B24ED800B65B8B /* Products */,
			);
			sourceTree = "<group>";
		};
		2FE8454725B24ED800B65B8B /* Products */ = {
			isa = PBXGroup;
			children = (
				2FE8454625B24ED800B65B8B /* AvFoundationDemo.app */,
			);
			name = Products;
			sourceTree = "<group>";
		};
		2FE8454825B24ED800B65B8B /* AvFoundationDemo */ = {
			isa = PBXGroup;
			children = (
				96FE1EE125B2781100CD9F86 /* Utils */,
				96FE1ED725B25E6A00CD9F86 /* ViewController */,
				2FE8455E25B24EFF00B65B8B /* Sound */,
				2FE8454925B24ED800B65B8B /* AppDelegate.swift */,
				2FE8454B25B24ED800B65B8B /* SceneDelegate.swift */,
				2FE8454D25B24ED800B65B8B /* ViewController.swift */,
				2FE8454F25B24ED800B65B8B /* Main.storyboard */,
				2FE8455225B24EDA00B65B8B /* Assets.xcassets */,
				2FE8455425B24EDA00B65B8B /* LaunchScreen.storyboard */,
				2FE8455725B24EDA00B65B8B /* Info.plist */,
			);
			path = AvFoundationDemo;
			sourceTree = "<group>";
		};
		2FE8455E25B24EFF00B65B8B /* Sound */ = {
			isa = PBXGroup;
			children = (
				2FE8455F25B24F0E00B65B8B /* Summer Days.mp3 */,
			);
			path = Sound;
			sourceTree = "<group>";
		};
		96FE1ED725B25E6A00CD9F86 /* ViewController */ = {
			isa = PBXGroup;
			children = (
				96FE1ED825B25EA700CD9F86 /* AudioViewController.swift */,
				96FE1EDB25B25EB400CD9F86 /* VideoViewController.swift */,
				96FE1EDE25B25ECB00CD9F86 /* CameraViewController.swift */,
			);
			path = ViewController;
			sourceTree = "<group>";
		};
		96FE1EE125B2781100CD9F86 /* Utils */ = {
			isa = PBXGroup;
			children = (
				96FE1EE225B2784600CD9F86 /* CameraController.swift */,
			);
			path = Utils;
			sourceTree = "<group>";
		};
/* End PBXGroup section */

/* Begin PBXNativeTarget section */
		2FE8454525B24ED800B65B8B /* AvFoundationDemo */ = {
			isa = PBXNativeTarget;
			buildConfigurationList = 2FE8455A25B24EDA00B65B8B /* Build configuration list for PBXNativeTarget "AvFoundationDemo" */;
			buildPhases = (
				2FE8454225B24ED800B65B8B /* Sources */,
				2FE8454325B24ED800B65B8B /* Frameworks */,
				2FE8454425B24ED800B65B8B /* Resources */,
			);
			buildRules = (
			);
			dependencies = (
			);
			name = AvFoundationDemo;
			productName = AvFoundationDemo;
			productReference = 2FE8454625B24ED800B65B8B /* AvFoundationDemo.app */;
			productType = "com.apple.product-type.application";
		};
/* End PBXNativeTarget section */

/* Begin PBXProject section */
		2FE8453E25B24ED800B65B8B /* Project object */ = {
			isa = PBXProject;
			attributes = {
				LastSwiftUpdateCheck = 1230;
				LastUpgradeCheck = 1230;
				TargetAttributes = {
					2FE8454525B24ED800B65B8B = {
						CreatedOnToolsVersion = 12.3;
					};
				};
			};
			buildConfigurationList = 2FE8454125B24ED800B65B8B /* Build configuration list for PBXProject "AvFoundationDemo" */;
			compatibilityVersion = "Xcode 9.3";
			developmentRegion = en;
			hasScannedForEncodings = 0;
			knownRegions = (
				en,
				Base,
			);
			mainGroup = 2FE8453D25B24ED800B65B8B;
			productRefGroup = 2FE8454725B24ED800B65B8B /* Products */;
			projectDirPath = "";
			projectRoot = "";
			targets = (
				2FE8454525B24ED800B65B8B /* AvFoundationDemo */,
			);
		};
/* End PBXProject section */

/* Begin PBXResourcesBuildPhase section */
		2FE8454425B24ED800B65B8B /* Resources */ = {
			isa = PBXResourcesBuildPhase;
			buildActionMask = 2147483647;
			files = (
				2FE8455625B24EDA00B65B8B /* LaunchScreen.storyboard in Resources */,
				2FE8455325B24EDA00B65B8B /* Assets.xcassets in Resources */,
				2FE8455125B24ED800B65B8B /* Main.storyboard in Resources */,
				2FE8456025B24F0E00B65B8B /* Summer Days.mp3 in Resources */,
			);
			runOnlyForDeploymentPostprocessing = 0;
		};
/* End PBXResourcesBuildPhase section */

/* Begin PBXSourcesBuildPhase section */
		2FE8454225B24ED800B65B8B /* Sources */ = {
			isa = PBXSourcesBuildPhase;
			buildActionMask = 2147483647;
			files = (
				2FE8454E25B24ED800B65B8B /* ViewController.swift in Sources */,
				96FE1ED925B25EA700CD9F86 /* AudioViewController.swift in Sources */,
				96FE1EE325B2784600CD9F86 /* CameraController.swift in Sources */,
				2FE8454A25B24ED800B65B8B /* AppDelegate.swift in Sources */,
				96FE1EDC25B25EB400CD9F86 /* VideoViewController.swift in Sources */,
				2FE8454C25B24ED800B65B8B /* SceneDelegate.swift in Sources */,
				96FE1EDF25B25ECB00CD9F86 /* CameraViewController.swift in Sources */,
			);
			runOnlyForDeploymentPostprocessing = 0;
		};
/* End PBXSourcesBuildPhase section */

/* Begin PBXVariantGroup section */
		2FE8454F25B24ED800B65B8B /* Main.storyboard */ = {
			isa = PBXVariantGroup;
			children = (
				2FE8455025B24ED800B65B8B /* Base */,
			);
			name = Main.storyboard;
			sourceTree = "<group>";
		};
		2FE8455425B24EDA00B65B8B /* LaunchScreen.storyboard */ = {
			isa = PBXVariantGroup;
			children = (
				2FE8455525B24EDA00B65B8B /* Base */,
			);
			name = LaunchScreen.storyboard;
			sourceTree = "<group>";
		};
/* End PBXVariantGroup section */

/* Begin XCBuildConfiguration section */
		2FE8455825B24EDA00B65B8B /* Debug */ = {
			isa = XCBuildConfiguration;
			buildSettings = {
				ALWAYS_SEARCH_USER_PATHS = NO;
				CLANG_ANALYZER_NONNULL = YES;
				CLANG_ANALYZER_NUMBER_OBJECT_CONVERSION = YES_AGGRESSIVE;
				CLANG_CXX_LANGUAGE_STANDARD = "gnu++14";
				CLANG_CXX_LIBRARY = "libc++";
				CLANG_ENABLE_MODULES = YES;
				CLANG_ENABLE_OBJC_ARC = YES;
				CLANG_ENABLE_OBJC_WEAK = YES;
				CLANG_WARN_BLOCK_CAPTURE_AUTORELEASING = YES;
				CLANG_WARN_BOOL_CONVERSION = YES;
				CLANG_WARN_COMMA = YES;
				CLANG_WARN_CONSTANT_CONVERSION = YES;
				CLANG_WARN_DEPRECATED_OBJC_IMPLEMENTATIONS = YES;
				CLANG_WARN_DIRECT_OBJC_ISA_USAGE = YES_ERROR;
				CLANG_WARN_DOCUMENTATION_COMMENTS = YES;
				CLANG_WARN_EMPTY_BODY = YES;
				CLANG_WARN_ENUM_CONVERSION = YES;
				CLANG_WARN_INFINITE_RECURSION = YES;
				CLANG_WARN_INT_CONVERSION = YES;
				CLANG_WARN_NON_LITERAL_NULL_CONVERSION = YES;
				CLANG_WARN_OBJC_IMPLICIT_RETAIN_SELF = YES;
				CLANG_WARN_OBJC_LITERAL_CONVERSION = YES;
				CLANG_WARN_OBJC_ROOT_CLASS = YES_ERROR;
				CLANG_WARN_QUOTED_INCLUDE_IN_FRAMEWORK_HEADER = YES;
				CLANG_WARN_RANGE_LOOP_ANALYSIS = YES;
				CLANG_WARN_STRICT_PROTOTYPES = YES;
				CLANG_WARN_SUSPICIOUS_MOVE = YES;
				CLANG_WARN_UNGUARDED_AVAILABILITY = YES_AGGRESSIVE;
				CLANG_WARN_UNREACHABLE_CODE = YES;
				CLANG_WARN__DUPLICATE_METHOD_MATCH = YES;
				COPY_PHASE_STRIP = NO;
				DEBUG_INFORMATION_FORMAT = dwarf;
				ENABLE_STRICT_OBJC_MSGSEND = YES;
				ENABLE_TESTABILITY = YES;
				GCC_C_LANGUAGE_STANDARD = gnu11;
				GCC_DYNAMIC_NO_PIC = NO;
				GCC_NO_COMMON_BLOCKS = YES;
				GCC_OPTIMIZATION_LEVEL = 0;
				GCC_PREPROCESSOR_DEFINITIONS = (
					"DEBUG=1",
					"$(inherited)",
				);
				GCC_WARN_64_TO_32_BIT_CONVERSION = YES;
				GCC_WARN_ABOUT_RETURN_TYPE = YES_ERROR;
				GCC_WARN_UNDECLARED_SELECTOR = YES;
				GCC_WARN_UNINITIALIZED_AUTOS = YES_AGGRESSIVE;
				GCC_WARN_UNUSED_FUNCTION = YES;
				GCC_WARN_UNUSED_VARIABLE = YES;
				IPHONEOS_DEPLOYMENT_TARGET = 14.3;
				MTL_ENABLE_DEBUG_INFO = INCLUDE_SOURCE;
				MTL_FAST_MATH = YES;
				ONLY_ACTIVE_ARCH = YES;
				SDKROOT = iphoneos;
				SWIFT_ACTIVE_COMPILATION_CONDITIONS = DEBUG;
				SWIFT_OPTIMIZATION_LEVEL = "-Onone";
			};
			name = Debug;
		};
		2FE8455925B24EDA00B65B8B /* Release */ = {
			isa = XCBuildConfiguration;
			buildSettings = {
				ALWAYS_SEARCH_USER_PATHS = NO;
				CLANG_ANALYZER_NONNULL = YES;
				CLANG_ANALYZER_NUMBER_OBJECT_CONVERSION = YES_AGGRESSIVE;
				CLANG_CXX_LANGUAGE_STANDARD = "gnu++14";
				CLANG_CXX_LIBRARY = "libc++";
				CLANG_ENABLE_MODULES = YES;
				CLANG_ENABLE_OBJC_ARC = YES;
				CLANG_ENABLE_OBJC_WEAK = YES;
				CLANG_WARN_BLOCK_CAPTURE_AUTORELEASING = YES;
				CLANG_WARN_BOOL_CONVERSION = YES;
				CLANG_WARN_COMMA = YES;
				CLANG_WARN_CONSTANT_CONVERSION = YES;
				CLANG_WARN_DEPRECATED_OBJC_IMPLEMENTATIONS = YES;
				CLANG_WARN_DIRECT_OBJC_ISA_USAGE = YES_ERROR;
				CLANG_WARN_DOCUMENTATION_COMMENTS = YES;
				CLANG_WARN_EMPTY_BODY = YES;
				CLANG_WARN_ENUM_CONVERSION = YES;
				CLANG_WARN_INFINITE_RECURSION = YES;
				CLANG_WARN_INT_CONVERSION = YES;
				CLANG_WARN_NON_LITERAL_NULL_CONVERSION = YES;
				CLANG_WARN_OBJC_IMPLICIT_RETAIN_SELF = YES;
				CLANG_WARN_OBJC_LITERAL_CONVERSION = YES;
				CLANG_WARN_OBJC_ROOT_CLASS = YES_ERROR;
				CLANG_WARN_QUOTED_INCLUDE_IN_FRAMEWORK_HEADER = YES;
				CLANG_WARN_RANGE_LOOP_ANALYSIS = YES;
				CLANG_WARN_STRICT_PROTOTYPES = YES;
				CLANG_WARN_SUSPICIOUS_MOVE = YES;
				CLANG_WARN_UNGUARDED_AVAILABILITY = YES_AGGRESSIVE;
				CLANG_WARN_UNREACHABLE_CODE = YES;
				CLANG_WARN__DUPLICATE_METHOD_MATCH = YES;
				COPY_PHASE_STRIP = NO;
				DEBUG_INFORMATION_FORMAT = "dwarf-with-dsym";
				ENABLE_NS_ASSERTIONS = NO;
				ENABLE_STRICT_OBJC_MSGSEND = YES;
				GCC_C_LANGUAGE_STANDARD = gnu11;
				GCC_NO_COMMON_BLOCKS = YES;
				GCC_WARN_64_TO_32_BIT_CONVERSION = YES;
				GCC_WARN_ABOUT_RETURN_TYPE = YES_ERROR;
				GCC_WARN_UNDECLARED_SELECTOR = YES;
				GCC_WARN_UNINITIALIZED_AUTOS = YES_AGGRESSIVE;
				GCC_WARN_UNUSED_FUNCTION = YES;
				GCC_WARN_UNUSED_VARIABLE = YES;
				IPHONEOS_DEPLOYMENT_TARGET = 14.3;
				MTL_ENABLE_DEBUG_INFO = NO;
				MTL_FAST_MATH = YES;
				SDKROOT = iphoneos;
				SWIFT_COMPILATION_MODE = wholemodule;
				SWIFT_OPTIMIZATION_LEVEL = "-O";
				VALIDATE_PRODUCT = YES;
			};
			name = Release;
		};
		2FE8455B25B24EDA00B65B8B /* Debug */ = {
			isa = XCBuildConfiguration;
			buildSettings = {
				ASSETCATALOG_COMPILER_APPICON_NAME = AppIcon;
				ASSETCATALOG_COMPILER_GLOBAL_ACCENT_COLOR_NAME = AccentColor;
				CODE_SIGN_STYLE = Automatic;
				DEVELOPMENT_TEAM = H3K34LD5MZ;
				INFOPLIST_FILE = AvFoundationDemo/Info.plist;
				LD_RUNPATH_SEARCH_PATHS = (
					"$(inherited)",
					"@executable_path/Frameworks",
				);
				PRODUCT_BUNDLE_IDENTIFIER = sharvari.AvFoundationDemo;
				PRODUCT_NAME = "$(TARGET_NAME)";
				SWIFT_VERSION = 5.0;
				TARGETED_DEVICE_FAMILY = "1,2";
			};
			name = Debug;
		};
		2FE8455C25B24EDA00B65B8B /* Release */ = {
			isa = XCBuildConfiguration;
			buildSettings = {
				ASSETCATALOG_COMPILER_APPICON_NAME = AppIcon;
				ASSETCATALOG_COMPILER_GLOBAL_ACCENT_COLOR_NAME = AccentColor;
				CODE_SIGN_STYLE = Automatic;
				DEVELOPMENT_TEAM = H3K34LD5MZ;
				INFOPLIST_FILE = AvFoundationDemo/Info.plist;
				LD_RUNPATH_SEARCH_PATHS = (
					"$(inherited)",
					"@executable_path/Frameworks",
				);
				PRODUCT_BUNDLE_IDENTIFIER = sharvari.AvFoundationDemo;
				PRODUCT_NAME = "$(TARGET_NAME)";
				SWIFT_VERSION = 5.0;
				TARGETED_DEVICE_FAMILY = "1,2";
			};
			name = Release;
		};
/* End XCBuildConfiguration section */

/* Begin XCConfigurationList section */
		2FE8454125B24ED800B65B8B /* Build configuration list for PBXProject "AvFoundationDemo" */ = {
			isa = XCConfigurationList;
			buildConfigurations = (
				2FE8455825B24EDA00B65B8B /* Debug */,
				2FE8455925B24EDA00B65B8B /* Release */,
			);
			defaultConfigurationIsVisible = 0;
			defaultConfigurationName = Release;
		};
		2FE8455A25B24EDA00B65B8B /* Build configuration list for PBXNativeTarget "AvFoundationDemo" */ = {
			isa = XCConfigurationList;
			buildConfigurations = (
				2FE8455B25B24EDA00B65B8B /* Debug */,
				2FE8455C25B24EDA00B65B8B /* Release */,
			);
			defaultConfigurationIsVisible = 0;
			defaultConfigurationName = Release;
		};
/* End XCConfigurationList section */
	};
	rootObject = 2FE8453E25B24ED800B65B8B /* Project object */;
}
